
Microsoft Visual Studio Solution File, Format Version 12.00
# Visual Studio Version 17
VisualStudioVersion = 17.6.33815.320
MinimumVisualStudioVersion = 10.0.40219.1
Project("{FAE04EC0-301F-11D3-BF4B-00C04F79EFBC}") = "Assignment3Project", "Assignment3Project\Assignment3Project.csproj", "{53ED7067-4C4A-436D-8B00-7497388B4049}"
EndProject
Global
	GlobalSection(SolutionConfigurationPlatforms) = preSolution
		Debug|Any CPU = Debug|Any CPU
		Release|Any CPU = Release|Any CPU
	EndGlobalSection
	GlobalSection(ProjectConfigurationPlatforms) = postSolution
		{53ED7067-4C4A-436D-8B00-7497388B4049}.Debug|Any CPU.ActiveCfg = Debug|Any CPU
		{53ED7067-4C4A-436D-8B00-7497388B4049}.Debug|Any CPU.Build.0 = Debug|Any CPU
		{53ED7067-4C4A-436D-8B00-7497388B4049}.Release|Any CPU.ActiveCfg = Release|Any CPU
		{53ED7067-4C4A-436D-8B00-7497388B4049}.Release|Any CPU.Build.0 = Release|Any CPU
	EndGlobalSection
	GlobalSection(SolutionProperties) = preSolution
		HideSolutionNode = FALSE
	EndGlobalSection
	GlobalSection(ExtensibilityGlobals) = postSolution
		SolutionGuid = {E91A1218-DFE1-4E50-B043-8FAA09BDFF07}
	EndGlobalSection
EndGlobal
